
Microsoft Visual Studio Solution File, Format Version 12.00
# Visual Studio Version 17
VisualStudioVersion = 17.14.36310.24 d17.14
MinimumVisualStudioVersion = 10.0.40219.1
Project("{FAE04EC0-301F-11D3-BF4B-00C04F79EFBC}") = "MSE_FileAnalyzer", "MSE_FileAnalyzer\MSE_FileAnalyzer.csproj", "{1D8F1BAB-3A6E-4FDD-A0D9-7F310E8A5674}"
EndProject
Global
	GlobalSection(SolutionConfigurationPlatforms) = preSolution
		Debug|Any CPU = Debug|Any CPU
		Release|Any CPU = Release|Any CPU
	EndGlobalSection
	GlobalSection(ProjectConfigurationPlatforms) = postSolution
		{1D8F1BAB-3A6E-4FDD-A0D9-7F310E8A5674}.Debug|Any CPU.ActiveCfg = Debug|Any CPU
		{1D8F1BAB-3A6E-4FDD-A0D9-7F310E8A5674}.Debug|Any CPU.Build.0 = Debug|Any CPU
		{1D8F1BAB-3A6E-4FDD-A0D9-7F310E8A5674}.Release|Any CPU.ActiveCfg = Release|Any CPU
		{1D8F1BAB-3A6E-4FDD-A0D9-7F310E8A5674}.Release|Any CPU.Build.0 = Release|Any CPU
	EndGlobalSection
	GlobalSection(SolutionProperties) = preSolution
		HideSolutionNode = FALSE
	EndGlobalSection
	GlobalSection(ExtensibilityGlobals) = postSolution
		SolutionGuid = {78C68C95-B7A0-4C96-8E30-304A91DB257A}
	EndGlobalSection
EndGlobal
